
Microsoft Visual Studio Solution File, Format Version 12.00
# Visual Studio Version 16
VisualStudioVersion = 16.0.31605.320
MinimumVisualStudioVersion = 10.0.40219.1
Project("{8BC9CEB8-8B4A-11D0-8D11-00A0C91BC942}") = "Introduction_to_3D_Game_Programming_with_Directx11", "Introduction_to_3D_Game_Programming_with_Directx11\Introduction_to_3D_Game_Programming_with_Directx11.vcxproj", "{43106F3B-BBA0-40B9-A8B4-575C77767558}"
EndProject
Global
	GlobalSection(SolutionConfigurationPlatforms) = preSolution
		Debug|x64 = Debug|x64
		Debug|x86 = Debug|x86
		Release|x64 = Release|x64
		Release|x86 = Release|x86
	EndGlobalSection
	GlobalSection(ProjectConfigurationPlatforms) = postSolution
		{43106F3B-BBA0-40B9-A8B4-575C77767558}.Debug|x64.ActiveCfg = Debug|x64
		{43106F3B-BBA0-40B9-A8B4-575C77767558}.Debug|x64.Build.0 = Debug|x64
		{43106F3B-BBA0-40B9-A8B4-575C77767558}.Debug|x86.ActiveCfg = Debug|Win32
		{43106F3B-BBA0-40B9-A8B4-575C77767558}.Debug|x86.Build.0 = Debug|Win32
		{43106F3B-BBA0-40B9-A8B4-575C77767558}.Release|x64.ActiveCfg = Release|x64
		{43106F3B-BBA0-40B9-A8B4-575C77767558}.Release|x64.Build.0 = Release|x64
		{43106F3B-BBA0-40B9-A8B4-575C77767558}.Release|x86.ActiveCfg = Release|Win32
		{43106F3B-BBA0-40B9-A8B4-575C77767558}.Release|x86.Build.0 = Release|Win32
	EndGlobalSection
	GlobalSection(SolutionProperties) = preSolution
		HideSolutionNode = FALSE
	EndGlobalSection
	GlobalSection(ExtensibilityGlobals) = postSolution
		SolutionGuid = {BF0ECF91-374F-4EB4-A0D1-996C6A6A5502}
	EndGlobalSection
EndGlobal
